dependencies:
- name: helmet
  repository: https://charts.companyinfo.dev
  version: 0.7.0
- name: postgresql
  repository: https://charts.bitnami.com/bitnami
  version: 12.0.1
digest: sha256:31ae5abedc8d651d1ce6e91fc7f672082084757614ccd9dff666645d4af760c6
generated: "2024-02-14T11:40:46.323308+01:00"
